
Microsoft Visual Studio Solution File, Format Version 12.00
# Visual Studio Version 17
VisualStudioVersion = 17.2.32630.192
MinimumVisualStudioVersion = 10.0.40219.1
Project("{FAE04EC0-301F-11D3-BF4B-00C04F79EFBC}") = "LayoutsAssignment.Android", "LayoutsAssignment\LayoutsAssignment.Android\LayoutsAssignment.Android.csproj", "{81D3B529-AF59-4DD0-A4FE-8C2A82E3EDDC}"
EndProject
Project("{FAE04EC0-301F-11D3-BF4B-00C04F79EFBC}") = "LayoutsAssignment.iOS", "LayoutsAssignment\LayoutsAssignment.iOS\LayoutsAssignment.iOS.csproj", "{3E3A5080-B5B8-460E-AD22-19AFEC8B0A1B}"
EndProject
Project("{FAE04EC0-301F-11D3-BF4B-00C04F79EFBC}") = "LayoutsAssignment", "LayoutsAssignment\LayoutsAssignment\LayoutsAssignment.csproj", "{CFDFB947-B08C-4998-BB7C-D615F5CAEA64}"
EndProject
Global
	GlobalSection(SolutionConfigurationPlatforms) = preSolution
		Debug|Any CPU = Debug|Any CPU
		Debug|iPhone = Debug|iPhone
		Debug|iPhoneSimulator = Debug|iPhoneSimulator
		Release|Any CPU = Release|Any CPU
		Release|iPhone = Release|iPhone
		Release|iPhoneSimulator = Release|iPhoneSimulator
	EndGlobalSection
	GlobalSection(ProjectConfigurationPlatforms) = postSolution
		{81D3B529-AF59-4DD0-A4FE-8C2A82E3EDDC}.Debug|Any CPU.ActiveCfg = Debug|Any CPU
		{81D3B529-AF59-4DD0-A4FE-8C2A82E3EDDC}.Debug|Any CPU.Build.0 = Debug|Any CPU
		{81D3B529-AF59-4DD0-A4FE-8C2A82E3EDDC}.Debug|Any CPU.Deploy.0 = Debug|Any CPU
		{81D3B529-AF59-4DD0-A4FE-8C2A82E3EDDC}.Debug|iPhone.ActiveCfg = Debug|Any CPU
		{81D3B529-AF59-4DD0-A4FE-8C2A82E3EDDC}.Debug|iPhone.Build.0 = Debug|Any CPU
		{81D3B529-AF59-4DD0-A4FE-8C2A82E3EDDC}.Debug|iPhone.Deploy.0 = Debug|Any CPU
		{81D3B529-AF59-4DD0-A4FE-8C2A82E3EDDC}.Debug|iPhoneSimulator.ActiveCfg = Debug|Any CPU
		{81D3B529-AF59-4DD0-A4FE-8C2A82E3EDDC}.Debug|iPhoneSimulator.Build.0 = Debug|Any CPU
		{81D3B529-AF59-4DD0-A4FE-8C2A82E3EDDC}.Debug|iPhoneSimulator.Deploy.0 = Debug|Any CPU
		{81D3B529-AF59-4DD0-A4FE-8C2A82E3EDDC}.Release|Any CPU.ActiveCfg = Release|Any CPU
		{81D3B529-AF59-4DD0-A4FE-8C2A82E3EDDC}.Release|Any CPU.Build.0 = Release|Any CPU
		{81D3B529-AF59-4DD0-A4FE-8C2A82E3EDDC}.Release|Any CPU.Deploy.0 = Release|Any CPU
		{81D3B529-AF59-4DD0-A4FE-8C2A82E3EDDC}.Release|iPhone.ActiveCfg = Release|Any CPU
		{81D3B529-AF59-4DD0-A4FE-8C2A82E3EDDC}.Release|iPhone.Build.0 = Release|Any CPU
		{81D3B529-AF59-4DD0-A4FE-8C2A82E3EDDC}.Release|iPhone.Deploy.0 = Release|Any CPU
		{81D3B529-AF59-4DD0-A4FE-8C2A82E3EDDC}.Release|iPhoneSimulator.ActiveCfg = Release|Any CPU
		{81D3B529-AF59-4DD0-A4FE-8C2A82E3EDDC}.Release|iPhoneSimulator.Build.0 = Release|Any CPU
		{81D3B529-AF59-4DD0-A4FE-8C2A82E3EDDC}.Release|iPhoneSimulator.Deploy.0 = Release|Any CPU
		{3E3A5080-B5B8-460E-AD22-19AFEC8B0A1B}.Debug|Any CPU.ActiveCfg = Debug|iPhone
		{3E3A5080-B5B8-460E-AD22-19AFEC8B0A1B}.Debug|Any CPU.Build.0 = Debug|iPhone
		{3E3A5080-B5B8-460E-AD22-19AFEC8B0A1B}.Debug|Any CPU.Deploy.0 = Debug|iPhone
		{3E3A5080-B5B8-460E-AD22-19AFEC8B0A1B}.Debug|iPhone.ActiveCfg = Debug|iPhone
		{3E3A5080-B5B8-460E-AD22-19AFEC8B0A1B}.Debug|iPhone.Build.0 = Debug|iPhone
		{3E3A5080-B5B8-460E-AD22-19AFEC8B0A1B}.Debug|iPhone.Deploy.0 = Debug|iPhone
		{3E3A5080-B5B8-460E-AD22-19AFEC8B0A1B}.Debug|iPhoneSimulator.ActiveCfg = Debug|iPhoneSimulator
		{3E3A5080-B5B8-460E-AD22-19AFEC8B0A1B}.Debug|iPhoneSimulator.Build.0 = Debug|iPhoneSimulator
		{3E3A5080-B5B8-460E-AD22-19AFEC8B0A1B}.Debug|iPhoneSimulator.Deploy.0 = Debug|iPhoneSimulator
		{3E3A5080-B5B8-460E-AD22-19AFEC8B0A1B}.Release|Any CPU.ActiveCfg = Release|iPhoneSimulator
		{3E3A5080-B5B8-460E-AD22-19AFEC8B0A1B}.Release|Any CPU.Build.0 = Release|iPhoneSimulator
		{3E3A5080-B5B8-460E-AD22-19AFEC8B0A1B}.Release|Any CPU.Deploy.0 = Release|iPhoneSimulator
		{3E3A5080-B5B8-460E-AD22-19AFEC8B0A1B}.Release|iPhone.ActiveCfg = Release|iPhone
		{3E3A5080-B5B8-460E-AD22-19AFEC8B0A1B}.Release|iPhone.Build.0 = Release|iPhone
		{3E3A5080-B5B8-460E-AD22-19AFEC8B0A1B}.Release|iPhone.Deploy.0 = Release|iPhone
		{3E3A5080-B5B8-460E-AD22-19AFEC8B0A1B}.Release|iPhoneSimulator.ActiveCfg = Release|iPhoneSimulator
		{3E3A5080-B5B8-460E-AD22-19AFEC8B0A1B}.Release|iPhoneSimulator.Build.0 = Release|iPhoneSimulator
		{3E3A5080-B5B8-460E-AD22-19AFEC8B0A1B}.Release|iPhoneSimulator.Deploy.0 = Release|iPhoneSimulator
		{CFDFB947-B08C-4998-BB7C-D615F5CAEA64}.Debug|Any CPU.ActiveCfg = Debug|Any CPU
		{CFDFB947-B08C-4998-BB7C-D615F5CAEA64}.Debug|Any CPU.Build.0 = Debug|Any CPU
		{CFDFB947-B08C-4998-BB7C-D615F5CAEA64}.Debug|Any CPU.Deploy.0 = Debug|Any CPU
		{CFDFB947-B08C-4998-BB7C-D615F5CAEA64}.Debug|iPhone.ActiveCfg = Debug|Any CPU
		{CFDFB947-B08C-4998-BB7C-D615F5CAEA64}.Debug|iPhone.Build.0 = Debug|Any CPU
		{CFDFB947-B08C-4998-BB7C-D615F5CAEA64}.Debug|iPhone.Deploy.0 = Debug|Any CPU
		{CFDFB947-B08C-4998-BB7C-D615F5CAEA64}.Debug|iPhoneSimulator.ActiveCfg = Debug|Any CPU
		{CFDFB947-B08C-4998-BB7C-D615F5CAEA64}.Debug|iPhoneSimulator.Build.0 = Debug|Any CPU
		{CFDFB947-B08C-4998-BB7C-D615F5CAEA64}.Debug|iPhoneSimulator.Deploy.0 = Debug|Any CPU
		{CFDFB947-B08C-4998-BB7C-D615F5CAEA64}.Release|Any CPU.ActiveCfg = Release|Any CPU
		{CFDFB947-B08C-4998-BB7C-D615F5CAEA64}.Release|Any CPU.Build.0 = Release|Any CPU
		{CFDFB947-B08C-4998-BB7C-D615F5CAEA64}.Release|Any CPU.Deploy.0 = Release|Any CPU
		{CFDFB947-B08C-4998-BB7C-D615F5CAEA64}.Release|iPhone.ActiveCfg = Release|Any CPU
		{CFDFB947-B08C-4998-BB7C-D615F5CAEA64}.Release|iPhone.Build.0 = Release|Any CPU
		{CFDFB947-B08C-4998-BB7C-D615F5CAEA64}.Release|iPhone.Deploy.0 = Release|Any CPU
		{CFDFB947-B08C-4998-BB7C-D615F5CAEA64}.Release|iPhoneSimulator.ActiveCfg = Release|Any CPU
		{CFDFB947-B08C-4998-BB7C-D615F5CAEA64}.Release|iPhoneSimulator.Build.0 = Release|Any CPU
		{CFDFB947-B08C-4998-BB7C-D615F5CAEA64}.Release|iPhoneSimulator.Deploy.0 = Release|Any CPU
	EndGlobalSection
	GlobalSection(SolutionProperties) = preSolution
		HideSolutionNode = FALSE
	EndGlobalSection
	GlobalSection(ExtensibilityGlobals) = postSolution
		SolutionGuid = {086982FD-B8AB-45EC-97CD-29E49318669D}
	EndGlobalSection
EndGlobal
